// !$*UTF8*$!
{
	archiveVersion = 1;
	classes = {
	};
	objectVersion = 56;
	objects = {

/* Begin PBXBuildFile section */
		1883655F2AB7E6FF00A16CA8 /* AppDelegate.swift in Sources */ = {isa = PBXBuildFile; fileRef = 1883655E2AB7E6FF00A16CA8 /* AppDelegate.swift */; };
		188365612AB7E6FF00A16CA8 /* SceneDelegate.swift in Sources */ = {isa = PBXBuildFile; fileRef = 188365602AB7E6FF00A16CA8 /* SceneDelegate.swift */; };
		188365632AB7E6FF00A16CA8 /* ViewController.swift in Sources */ = {isa = PBXBuildFile; fileRef = 188365622AB7E6FF00A16CA8 /* ViewController.swift */; };
		188365662AB7E6FF00A16CA8 /* Main.storyboard in Resources */ = {isa = PBXBuildFile; fileRef = 188365642AB7E6FF00A16CA8 /* Main.storyboard */; };
		188365682AB7E70000A16CA8 /* Assets.xcassets in Resources */ = {isa = PBXBuildFile; fileRef = 188365672AB7E70000A16CA8 /* Assets.xcassets */; };
		1883656B2AB7E70000A16CA8 /* LaunchScreen.storyboard in Resources */ = {isa = PBXBuildFile; fileRef = 188365692AB7E70000A16CA8 /* LaunchScreen.storyboard */; };
		188365772AB7EC0A00A16CA8 /* CoffeeOrderViewController.swift in Sources */ = {isa = PBXBuildFile; fileRef = 188365762AB7EC0A00A16CA8 /* CoffeeOrderViewController.swift */; };
		188365792AB7EC1900A16CA8 /* CoffeeOrderViewController.storyboard in Resources */ = {isa = PBXBuildFile; fileRef = 188365782AB7EC1900A16CA8 /* CoffeeOrderViewController.storyboard */; };
		1883657D2AB7EC6600A16CA8 /* MenuCell.swift in Sources */ = {isa = PBXBuildFile; fileRef = 1883657C2AB7EC6600A16CA8 /* MenuCell.swift */; };
		1883657F2AB7ECBF00A16CA8 /* MenuCell.xib in Resources */ = {isa = PBXBuildFile; fileRef = 1883657E2AB7ECBF00A16CA8 /* MenuCell.xib */; };
		188365822AB7F1D000A16CA8 /* Menu.swift in Sources */ = {isa = PBXBuildFile; fileRef = 188365812AB7F1D000A16CA8 /* Menu.swift */; };
		188365842AB7F21B00A16CA8 /* CoffeeOrderViewModel.swift in Sources */ = {isa = PBXBuildFile; fileRef = 188365832AB7F21B00A16CA8 /* CoffeeOrderViewModel.swift */; };
/* End PBXBuildFile section */

/* Begin PBXFileReference section */
		1883655B2AB7E6FF00A16CA8 /* 0918CoffeeAndImage.app */ = {isa = PBXFileReference; explicitFileType = wrapper.application; includeInIndex = 0; path = 0918CoffeeAndImage.app; sourceTree = BUILT_PRODUCTS_DIR; };
		1883655E2AB7E6FF00A16CA8 /* AppDelegate.swift */ = {isa = PBXFileReference; lastKnownFileType = sourcecode.swift; path = AppDelegate.swift; sourceTree = "<group>"; };
		188365602AB7E6FF00A16CA8 /* SceneDelegate.swift */ = {isa = PBXFileReference; lastKnownFileType = sourcecode.swift; path = SceneDelegate.swift; sourceTree = "<group>"; };
		188365622AB7E6FF00A16CA8 /* ViewController.swift */ = {isa = PBXFileReference; lastKnownFileType = sourcecode.swift; path = ViewController.swift; sourceTree = "<group>"; };
		188365652AB7E6FF00A16CA8 /* Base */ = {isa = PBXFileReference; lastKnownFileType = file.storyboard; name = Base; path = Base.lproj/Main.storyboard; sourceTree = "<group>"; };
		188365672AB7E70000A16CA8 /* Assets.xcassets */ = {isa = PBXFileReference; lastKnownFileType = folder.assetcatalog; path = Assets.xcassets; sourceTree = "<group>"; };
		1883656A2AB7E70000A16CA8 /* Base */ = {isa = PBXFileReference; lastKnownFileType = file.storyboard; name = Base; path = Base.lproj/LaunchScreen.storyboard; sourceTree = "<group>"; };
		1883656C2AB7E70000A16CA8 /* Info.plist */ = {isa = PBXFileReference; lastKnownFileType = text.plist.xml; path = Info.plist; sourceTree = "<group>"; };
		188365762AB7EC0A00A16CA8 /* CoffeeOrderViewController.swift */ = {isa = PBXFileReference; lastKnownFileType = sourcecode.swift; path = CoffeeOrderViewController.swift; sourceTree = "<group>"; };
		188365782AB7EC1900A16CA8 /* CoffeeOrderViewController.storyboard */ = {isa = PBXFileReference; lastKnownFileType = file.storyboard; path = CoffeeOrderViewController.storyboard; sourceTree = "<group>"; };
		1883657C2AB7EC6600A16CA8 /* MenuCell.swift */ = {isa = PBXFileReference; lastKnownFileType = sourcecode.swift; path = MenuCell.swift; sourceTree = "<group>"; };
		1883657E2AB7ECBF00A16CA8 /* MenuCell.xib */ = {isa = PBXFileReference; lastKnownFileType = file.xib; path = MenuCell.xib; sourceTree = "<group>"; };
		188365812AB7F1D000A16CA8 /* Menu.swift */ = {isa = PBXFileReference; lastKnownFileType = sourcecode.swift; path = Menu.swift; sourceTree = "<group>"; };
		188365832AB7F21B00A16CA8 /* CoffeeOrderViewModel.swift */ = {isa = PBXFileReference; lastKnownFileType = sourcecode.swift; path = CoffeeOrderViewModel.swift; sourceTree = "<group>"; };
/* End PBXFileReference section */

/* Begin PBXFrameworksBuildPhase section */
		188365582AB7E6FF00A16CA8 /* Frameworks */ = {
			isa = PBXFrameworksBuildPhase;
			buildActionMask = 2147483647;
			files = (
			);
			runOnlyForDeploymentPostprocessing = 0;
		};
/* End PBXFrameworksBuildPhase section */

/* Begin PBXGroup section */
		188365522AB7E6FF00A16CA8 = {
			isa = PBXGroup;
			children = (
				1883655D2AB7E6FF00A16CA8 /* 0918CoffeeAndImage */,
				1883655C2AB7E6FF00A16CA8 /* Products */,
			);
			sourceTree = "<group>";
		};
		1883655C2AB7E6FF00A16CA8 /* Products */ = {
			isa = PBXGroup;
			children = (
				1883655B2AB7E6FF00A16CA8 /* 0918CoffeeAndImage.app */,
			);
			name = Products;
			sourceTree = "<group>";
		};
		1883655D2AB7E6FF00A16CA8 /* 0918CoffeeAndImage */ = {
			isa = PBXGroup;
			children = (
				188365732AB7EBD800A16CA8 /* CoffeeOrder */,
				188365802AB7F1BA00A16CA8 /* Model */,
				188365722AB7EB7600A16CA8 /* Main */,
				1883655E2AB7E6FF00A16CA8 /* AppDelegate.swift */,
				188365602AB7E6FF00A16CA8 /* SceneDelegate.swift */,
				188365672AB7E70000A16CA8 /* Assets.xcassets */,
				188365692AB7E70000A16CA8 /* LaunchScreen.storyboard */,
				1883656C2AB7E70000A16CA8 /* Info.plist */,
			);
			path = 0918CoffeeAndImage;
			sourceTree = "<group>";
		};
		188365722AB7EB7600A16CA8 /* Main */ = {
			isa = PBXGroup;
			children = (
				188365622AB7E6FF00A16CA8 /* ViewController.swift */,
				188365642AB7E6FF00A16CA8 /* Main.storyboard */,
			);
			path = Main;
			sourceTree = "<group>";
		};
		188365732AB7EBD800A16CA8 /* CoffeeOrder */ = {
			isa = PBXGroup;
			children = (
				188365752AB7EBEC00A16CA8 /* ViewModel */,
				188365742AB7EBE700A16CA8 /* View */,
			);
			path = CoffeeOrder;
			sourceTree = "<group>";
		};
		188365742AB7EBE700A16CA8 /* View */ = {
			isa = PBXGroup;
			children = (
				188365762AB7EC0A00A16CA8 /* CoffeeOrderViewController.swift */,
				188365782AB7EC1900A16CA8 /* CoffeeOrderViewController.storyboard */,
				1883657C2AB7EC6600A16CA8 /* MenuCell.swift */,
				1883657E2AB7ECBF00A16CA8 /* MenuCell.xib */,
			);
			path = View;
			sourceTree = "<group>";
		};
		188365752AB7EBEC00A16CA8 /* ViewModel */ = {
			isa = PBXGroup;
			children = (
				188365832AB7F21B00A16CA8 /* CoffeeOrderViewModel.swift */,
			);
			path = ViewModel;
			sourceTree = "<group>";
		};
		188365802AB7F1BA00A16CA8 /* Model */ = {
			isa = PBXGroup;
			children = (
				188365812AB7F1D000A16CA8 /* Menu.swift */,
			);
			path = Model;
			sourceTree = "<group>";
		};
/* End PBXGroup section */

/* Begin PBXNativeTarget section */
		1883655A2AB7E6FF00A16CA8 /* 0918CoffeeAndImage */ = {
			isa = PBXNativeTarget;
			buildConfigurationList = 1883656F2AB7E70000A16CA8 /* Build configuration list for PBXNativeTarget "0918CoffeeAndImage" */;
			buildPhases = (
				188365572AB7E6FF00A16CA8 /* Sources */,
				188365582AB7E6FF00A16CA8 /* Frameworks */,
				188365592AB7E6FF00A16CA8 /* Resources */,
			);
			buildRules = (
			);
			dependencies = (
			);
			name = 0918CoffeeAndImage;
			productName = 0918CoffeeAndImage;
			productReference = 1883655B2AB7E6FF00A16CA8 /* 0918CoffeeAndImage.app */;
			productType = "com.apple.product-type.application";
		};
/* End PBXNativeTarget section */

/* Begin PBXProject section */
		188365532AB7E6FF00A16CA8 /* Project object */ = {
			isa = PBXProject;
			attributes = {
				BuildIndependentTargetsInParallel = 1;
				LastSwiftUpdateCheck = 1430;
				LastUpgradeCheck = 1430;
				TargetAttributes = {
					1883655A2AB7E6FF00A16CA8 = {
						CreatedOnToolsVersion = 14.3.1;
					};
				};
			};
			buildConfigurationList = 188365562AB7E6FF00A16CA8 /* Build configuration list for PBXProject "0918CoffeeAndImage" */;
			compatibilityVersion = "Xcode 14.0";
			developmentRegion = en;
			hasScannedForEncodings = 0;
			knownRegions = (
				en,
				Base,
			);
			mainGroup = 188365522AB7E6FF00A16CA8;
			productRefGroup = 1883655C2AB7E6FF00A16CA8 /* Products */;
			projectDirPath = "";
			projectRoot = "";
			targets = (
				1883655A2AB7E6FF00A16CA8 /* 0918CoffeeAndImage */,
			);
		};
/* End PBXProject section */

/* Begin PBXResourcesBuildPhase section */
		188365592AB7E6FF00A16CA8 /* Resources */ = {
			isa = PBXResourcesBuildPhase;
			buildActionMask = 2147483647;
			files = (
				1883656B2AB7E70000A16CA8 /* LaunchScreen.storyboard in Resources */,
				188365682AB7E70000A16CA8 /* Assets.xcassets in Resources */,
				1883657F2AB7ECBF00A16CA8 /* MenuCell.xib in Resources */,
				188365792AB7EC1900A16CA8 /* CoffeeOrderViewController.storyboard in Resources */,
				188365662AB7E6FF00A16CA8 /* Main.storyboard in Resources */,
			);
			runOnlyForDeploymentPostprocessing = 0;
		};
/* End PBXResourcesBuildPhase section */

/* Begin PBXSourcesBuildPhase section */
		188365572AB7E6FF00A16CA8 /* Sources */ = {
			isa = PBXSourcesBuildPhase;
			buildActionMask = 2147483647;
			files = (
				188365822AB7F1D000A16CA8 /* Menu.swift in Sources */,
				188365632AB7E6FF00A16CA8 /* ViewController.swift in Sources */,
				1883657D2AB7EC6600A16CA8 /* MenuCell.swift in Sources */,
				188365772AB7EC0A00A16CA8 /* CoffeeOrderViewController.swift in Sources */,
				1883655F2AB7E6FF00A16CA8 /* AppDelegate.swift in Sources */,
				188365842AB7F21B00A16CA8 /* CoffeeOrderViewModel.swift in Sources */,
				188365612AB7E6FF00A16CA8 /* SceneDelegate.swift in Sources */,
			);
			runOnlyForDeploymentPostprocessing = 0;
		};
/* End PBXSourcesBuildPhase section */

/* Begin PBXVariantGroup section */
		188365642AB7E6FF00A16CA8 /* Main.storyboard */ = {
			isa = PBXVariantGroup;
			children = (
				188365652AB7E6FF00A16CA8 /* Base */,
			);
			name = Main.storyboard;
			sourceTree = "<group>";
		};
		188365692AB7E70000A16CA8 /* LaunchScreen.storyboard */ = {
			isa = PBXVariantGroup;
			children = (
				1883656A2AB7E70000A16CA8 /* Base */,
			);
			name = LaunchScreen.storyboard;
			sourceTree = "<group>";
		};
/* End PBXVariantGroup section */

/* Begin XCBuildConfiguration section */
		1883656D2AB7E70000A16CA8 /* Debug */ = {
			isa = XCBuildConfiguration;
			buildSettings = {
				ALWAYS_SEARCH_USER_PATHS = NO;
				CLANG_ANALYZER_NONNULL = YES;
				CLANG_ANALYZER_NUMBER_OBJECT_CONVERSION = YES_AGGRESSIVE;
				CLANG_CXX_LANGUAGE_STANDARD = "gnu++20";
				CLANG_ENABLE_MODULES = YES;
				CLANG_ENABLE_OBJC_ARC = YES;
				CLANG_ENABLE_OBJC_WEAK = YES;
				CLANG_WARN_BLOCK_CAPTURE_AUTORELEASING = YES;
				CLANG_WARN_BOOL_CONVERSION = YES;
				CLANG_WARN_COMMA = YES;
				CLANG_WARN_CONSTANT_CONVERSION = YES;
				CLANG_WARN_DEPRECATED_OBJC_IMPLEMENTATIONS = YES;
				CLANG_WARN_DIRECT_OBJC_ISA_USAGE = YES_ERROR;
				CLANG_WARN_DOCUMENTATION_COMMENTS = YES;
				CLANG_WARN_EMPTY_BODY = YES;
				CLANG_WARN_ENUM_CONVERSION = YES;
				CLANG_WARN_INFINITE_RECURSION = YES;
				CLANG_WARN_INT_CONVERSION = YES;
				CLANG_WARN_NON_LITERAL_NULL_CONVERSION = YES;
				CLANG_WARN_OBJC_IMPLICIT_RETAIN_SELF = YES;
				CLANG_WARN_OBJC_LITERAL_CONVERSION = YES;
				CLANG_WARN_OBJC_ROOT_CLASS = YES_ERROR;
				CLANG_WARN_QUOTED_INCLUDE_IN_FRAMEWORK_HEADER = YES;
				CLANG_WARN_RANGE_LOOP_ANALYSIS = YES;
				CLANG_WARN_STRICT_PROTOTYPES = YES;
				CLANG_WARN_SUSPICIOUS_MOVE = YES;
				CLANG_WARN_UNGUARDED_AVAILABILITY = YES_AGGRESSIVE;
				CLANG_WARN_UNREACHABLE_CODE = YES;
				CLANG_WARN__DUPLICATE_METHOD_MATCH = YES;
				COPY_PHASE_STRIP = NO;
				DEBUG_INFORMATION_FORMAT = dwarf;
				ENABLE_STRICT_OBJC_MSGSEND = YES;
				ENABLE_TESTABILITY = YES;
				GCC_C_LANGUAGE_STANDARD = gnu11;
				GCC_DYNAMIC_NO_PIC = NO;
				GCC_NO_COMMON_BLOCKS = YES;
				GCC_OPTIMIZATION_LEVEL = 0;
				GCC_PREPROCESSOR_DEFINITIONS = (
					"DEBUG=1",
					"$(inherited)",
				);
				GCC_WARN_64_TO_32_BIT_CONVERSION = YES;
				GCC_WARN_ABOUT_RETURN_TYPE = YES_ERROR;
				GCC_WARN_UNDECLARED_SELECTOR = YES;
				GCC_WARN_UNINITIALIZED_AUTOS = YES_AGGRESSIVE;
				GCC_WARN_UNUSED_FUNCTION = YES;
				GCC_WARN_UNUSED_VARIABLE = YES;
				IPHONEOS_DEPLOYMENT_TARGET = 16.4;
				MTL_ENABLE_DEBUG_INFO = INCLUDE_SOURCE;
				MTL_FAST_MATH = YES;
				ONLY_ACTIVE_ARCH = YES;
				SDKROOT = iphoneos;
				SWIFT_ACTIVE_COMPILATION_CONDITIONS = DEBUG;
				SWIFT_OPTIMIZATION_LEVEL = "-Onone";
			};
			name = Debug;
		};
		1883656E2AB7E70000A16CA8 /* Release */ = {
			isa = XCBuildConfiguration;
			buildSettings = {
				ALWAYS_SEARCH_USER_PATHS = NO;
				CLANG_ANALYZER_NONNULL = YES;
				CLANG_ANALYZER_NUMBER_OBJECT_CONVERSION = YES_AGGRESSIVE;
				CLANG_CXX_LANGUAGE_STANDARD = "gnu++20";
				CLANG_ENABLE_MODULES = YES;
				CLANG_ENABLE_OBJC_ARC = YES;
				CLANG_ENABLE_OBJC_WEAK = YES;
				CLANG_WARN_BLOCK_CAPTURE_AUTORELEASING = YES;
				CLANG_WARN_BOOL_CONVERSION = YES;
				CLANG_WARN_COMMA = YES;
				CLANG_WARN_CONSTANT_CONVERSION = YES;
				CLANG_WARN_DEPRECATED_OBJC_IMPLEMENTATIONS = YES;
				CLANG_WARN_DIRECT_OBJC_ISA_USAGE = YES_ERROR;
				CLANG_WARN_DOCUMENTATION_COMMENTS = YES;
				CLANG_WARN_EMPTY_BODY = YES;
				CLANG_WARN_ENUM_CONVERSION = YES;
				CLANG_WARN_INFINITE_RECURSION = YES;
				CLANG_WARN_INT_CONVERSION = YES;
				CLANG_WARN_NON_LITERAL_NULL_CONVERSION = YES;
				CLANG_WARN_OBJC_IMPLICIT_RETAIN_SELF = YES;
				CLANG_WARN_OBJC_LITERAL_CONVERSION = YES;
				CLANG_WARN_OBJC_ROOT_CLASS = YES_ERROR;
				CLANG_WARN_QUOTED_INCLUDE_IN_FRAMEWORK_HEADER = YES;
				CLANG_WARN_RANGE_LOOP_ANALYSIS = YES;
				CLANG_WARN_STRICT_PROTOTYPES = YES;
				CLANG_WARN_SUSPICIOUS_MOVE = YES;
				CLANG_WARN_UNGUARDED_AVAILABILITY = YES_AGGRESSIVE;
				CLANG_WARN_UNREACHABLE_CODE = YES;
				CLANG_WARN__DUPLICATE_METHOD_MATCH = YES;
				COPY_PHASE_STRIP = NO;
				DEBUG_INFORMATION_FORMAT = "dwarf-with-dsym";
				ENABLE_NS_ASSERTIONS = NO;
				ENABLE_STRICT_OBJC_MSGSEND = YES;
				GCC_C_LANGUAGE_STANDARD = gnu11;
				GCC_NO_COMMON_BLOCKS = YES;
				GCC_WARN_64_TO_32_BIT_CONVERSION = YES;
				GCC_WARN_ABOUT_RETURN_TYPE = YES_ERROR;
				GCC_WARN_UNDECLARED_SELECTOR = YES;
				GCC_WARN_UNINITIALIZED_AUTOS = YES_AGGRESSIVE;
				GCC_WARN_UNUSED_FUNCTION = YES;
				GCC_WARN_UNUSED_VARIABLE = YES;
				IPHONEOS_DEPLOYMENT_TARGET = 16.4;
				MTL_ENABLE_DEBUG_INFO = NO;
				MTL_FAST_MATH = YES;
				SDKROOT = iphoneos;
				SWIFT_COMPILATION_MODE = wholemodule;
				SWIFT_OPTIMIZATION_LEVEL = "-O";
				VALIDATE_PRODUCT = YES;
			};
			name = Release;
		};
		188365702AB7E70000A16CA8 /* Debug */ = {
			isa = XCBuildConfiguration;
			buildSettings = {
				ASSETCATALOG_COMPILER_APPICON_NAME = AppIcon;
				ASSETCATALOG_COMPILER_GLOBAL_ACCENT_COLOR_NAME = AccentColor;
				CODE_SIGN_STYLE = Automatic;
				CURRENT_PROJECT_VERSION = 1;
				GENERATE_INFOPLIST_FILE = YES;
				INFOPLIST_FILE = 0918CoffeeAndImage/Info.plist;
				INFOPLIST_KEY_UIApplicationSupportsIndirectInputEvents = YES;
				INFOPLIST_KEY_UILaunchStoryboardName = LaunchScreen;
				INFOPLIST_KEY_UIMainStoryboardFile = Main;
				INFOPLIST_KEY_UISupportedInterfaceOrientations_iPad = "UIInterfaceOrientationPortrait UIInterfaceOrientationPortraitUpsideDown UIInterfaceOrientationLandscapeLeft UIInterfaceOrientationLandscapeRight";
				INFOPLIST_KEY_UISupportedInterfaceOrientations_iPhone = "UIInterfaceOrientationPortrait UIInterfaceOrientationLandscapeLeft UIInterfaceOrientationLandscapeRight";
				IPHONEOS_DEPLOYMENT_TARGET = 16.0;
				LD_RUNPATH_SEARCH_PATHS = (
					"$(inherited)",
					"@executable_path/Frameworks",
				);
				MARKETING_VERSION = 1.0;
				PRODUCT_BUNDLE_IDENTIFIER = "hongsebin.-918CoffeeAndImage";
				PRODUCT_NAME = "$(TARGET_NAME)";
				SWIFT_EMIT_LOC_STRINGS = YES;
				SWIFT_VERSION = 5.0;
				TARGETED_DEVICE_FAMILY = "1,2";
			};
			name = Debug;
		};
		188365712AB7E70000A16CA8 /* Release */ = {
			isa = XCBuildConfiguration;
			buildSettings = {
				ASSETCATALOG_COMPILER_APPICON_NAME = AppIcon;
				ASSETCATALOG_COMPILER_GLOBAL_ACCENT_COLOR_NAME = AccentColor;
				CODE_SIGN_STYLE = Automatic;
				CURRENT_PROJECT_VERSION = 1;
				GENERATE_INFOPLIST_FILE = YES;
				INFOPLIST_FILE = 0918CoffeeAndImage/Info.plist;
				INFOPLIST_KEY_UIApplicationSupportsIndirectInputEvents = YES;
				INFOPLIST_KEY_UILaunchStoryboardName = LaunchScreen;
				INFOPLIST_KEY_UIMainStoryboardFile = Main;
				INFOPLIST_KEY_UISupportedInterfaceOrientations_iPad = "UIInterfaceOrientationPortrait UIInterfaceOrientationPortraitUpsideDown UIInterfaceOrientationLandscapeLeft UIInterfaceOrientationLandscapeRight";
				INFOPLIST_KEY_UISupportedInterfaceOrientations_iPhone = "UIInterfaceOrientationPortrait UIInterfaceOrientationLandscapeLeft UIInterfaceOrientationLandscapeRight";
				IPHONEOS_DEPLOYMENT_TARGET = 16.0;
				LD_RUNPATH_SEARCH_PATHS = (
					"$(inherited)",
					"@executable_path/Frameworks",
				);
				MARKETING_VERSION = 1.0;
				PRODUCT_BUNDLE_IDENTIFIER = "hongsebin.-918CoffeeAndImage";
				PRODUCT_NAME = "$(TARGET_NAME)";
				SWIFT_EMIT_LOC_STRINGS = YES;
				SWIFT_VERSION = 5.0;
				TARGETED_DEVICE_FAMILY = "1,2";
			};
			name = Release;
		};
/* End XCBuildConfiguration section */

/* Begin XCConfigurationList section */
		188365562AB7E6FF00A16CA8 /* Build configuration list for PBXProject "0918CoffeeAndImage" */ = {
			isa = XCConfigurationList;
			buildConfigurations = (
				1883656D2AB7E70000A16CA8 /* Debug */,
				1883656E2AB7E70000A16CA8 /* Release */,
			);
			defaultConfigurationIsVisible = 0;
			defaultConfigurationName = Release;
		};
		1883656F2AB7E70000A16CA8 /* Build configuration list for PBXNativeTarget "0918CoffeeAndImage" */ = {
			isa = XCConfigurationList;
			buildConfigurations = (
				188365702AB7E70000A16CA8 /* Debug */,
				188365712AB7E70000A16CA8 /* Release */,
			);
			defaultConfigurationIsVisible = 0;
			defaultConfigurationName = Release;
		};
/* End XCConfigurationList section */
	};
	rootObject = 188365532AB7E6FF00A16CA8 /* Project object */;
}
