// !$*UTF8*$!
{
	archiveVersion = 1;
	classes = {
	};
	objectVersion = 56;
	objects = {

/* Begin PBXBuildFile section */
		104E41102AA8CDDC001C69CB /* AppDelegate.swift in Sources */ = {isa = PBXBuildFile; fileRef = 104E410F2AA8CDDC001C69CB /* AppDelegate.swift */; };
		104E41122AA8CDDC001C69CB /* SceneDelegate.swift in Sources */ = {isa = PBXBuildFile; fileRef = 104E41112AA8CDDC001C69CB /* SceneDelegate.swift */; };
		104E41142AA8CDDC001C69CB /* ViewController.swift in Sources */ = {isa = PBXBuildFile; fileRef = 104E41132AA8CDDC001C69CB /* ViewController.swift */; };
		104E41172AA8CDDC001C69CB /* Main.storyboard in Resources */ = {isa = PBXBuildFile; fileRef = 104E41152AA8CDDC001C69CB /* Main.storyboard */; };
		104E41192AA8CDDE001C69CB /* Assets.xcassets in Resources */ = {isa = PBXBuildFile; fileRef = 104E41182AA8CDDE001C69CB /* Assets.xcassets */; };
		104E411C2AA8CDDE001C69CB /* LaunchScreen.storyboard in Resources */ = {isa = PBXBuildFile; fileRef = 104E411A2AA8CDDE001C69CB /* LaunchScreen.storyboard */; };
		104E41242AA8D03C001C69CB /* CollectionViewCell.xib in Resources */ = {isa = PBXBuildFile; fileRef = 104E41232AA8D03C001C69CB /* CollectionViewCell.xib */; };
		104E41262AA8D04D001C69CB /* CollectionViewCell.swift in Sources */ = {isa = PBXBuildFile; fileRef = 104E41252AA8D04D001C69CB /* CollectionViewCell.swift */; };
		6CC7A7CABB3BB6369D5465FF /* Pods_photo.framework in Frameworks */ = {isa = PBXBuildFile; fileRef = 1779B6DAB872E4625EA8C65A /* Pods_photo.framework */; };
/* End PBXBuildFile section */

/* Begin PBXFileReference section */
		104E410C2AA8CDDC001C69CB /* photo.app */ = {isa = PBXFileReference; explicitFileType = wrapper.application; includeInIndex = 0; path = photo.app; sourceTree = BUILT_PRODUCTS_DIR; };
		104E410F2AA8CDDC001C69CB /* AppDelegate.swift */ = {isa = PBXFileReference; lastKnownFileType = sourcecode.swift; path = AppDelegate.swift; sourceTree = "<group>"; };
		104E41112AA8CDDC001C69CB /* SceneDelegate.swift */ = {isa = PBXFileReference; lastKnownFileType = sourcecode.swift; path = SceneDelegate.swift; sourceTree = "<group>"; };
		104E41132AA8CDDC001C69CB /* ViewController.swift */ = {isa = PBXFileReference; lastKnownFileType = sourcecode.swift; path = ViewController.swift; sourceTree = "<group>"; };
		104E41162AA8CDDC001C69CB /* Base */ = {isa = PBXFileReference; lastKnownFileType = file.storyboard; name = Base; path = Base.lproj/Main.storyboard; sourceTree = "<group>"; };
		104E41182AA8CDDE001C69CB /* Assets.xcassets */ = {isa = PBXFileReference; lastKnownFileType = folder.assetcatalog; path = Assets.xcassets; sourceTree = "<group>"; };
		104E411B2AA8CDDE001C69CB /* Base */ = {isa = PBXFileReference; lastKnownFileType = file.storyboard; name = Base; path = Base.lproj/LaunchScreen.storyboard; sourceTree = "<group>"; };
		104E411D2AA8CDDE001C69CB /* Info.plist */ = {isa = PBXFileReference; lastKnownFileType = text.plist.xml; path = Info.plist; sourceTree = "<group>"; };
		104E41232AA8D03C001C69CB /* CollectionViewCell.xib */ = {isa = PBXFileReference; lastKnownFileType = file.xib; path = CollectionViewCell.xib; sourceTree = "<group>"; };
		104E41252AA8D04D001C69CB /* CollectionViewCell.swift */ = {isa = PBXFileReference; lastKnownFileType = sourcecode.swift; path = CollectionViewCell.swift; sourceTree = "<group>"; };
		1779B6DAB872E4625EA8C65A /* Pods_photo.framework */ = {isa = PBXFileReference; explicitFileType = wrapper.framework; includeInIndex = 0; path = Pods_photo.framework; sourceTree = BUILT_PRODUCTS_DIR; };
		CD1591007D7DB6159E385CDF /* Pods-photo.release.xcconfig */ = {isa = PBXFileReference; includeInIndex = 1; lastKnownFileType = text.xcconfig; name = "Pods-photo.release.xcconfig"; path = "Target Support Files/Pods-photo/Pods-photo.release.xcconfig"; sourceTree = "<group>"; };
		ED1CA045E209FE208CD0518D /* Pods-photo.debug.xcconfig */ = {isa = PBXFileReference; includeInIndex = 1; lastKnownFileType = text.xcconfig; name = "Pods-photo.debug.xcconfig"; path = "Target Support Files/Pods-photo/Pods-photo.debug.xcconfig"; sourceTree = "<group>"; };
/* End PBXFileReference section */

/* Begin PBXFrameworksBuildPhase section */
		104E41092AA8CDDC001C69CB /* Frameworks */ = {
			isa = PBXFrameworksBuildPhase;
			buildActionMask = 2147483647;
			files = (
				6CC7A7CABB3BB6369D5465FF /* Pods_photo.framework in Frameworks */,
			);
			runOnlyForDeploymentPostprocessing = 0;
		};
/* End PBXFrameworksBuildPhase section */

/* Begin PBXGroup section */
		104E41032AA8CDDC001C69CB = {
			isa = PBXGroup;
			children = (
				104E410E2AA8CDDC001C69CB /* photo */,
				104E410D2AA8CDDC001C69CB /* Products */,
				73623FC97448845079C97C39 /* Pods */,
				2C5BE76B929AF82A52A0A197 /* Frameworks */,
			);
			sourceTree = "<group>";
		};
		104E410D2AA8CDDC001C69CB /* Products */ = {
			isa = PBXGroup;
			children = (
				104E410C2AA8CDDC001C69CB /* photo.app */,
			);
			name = Products;
			sourceTree = "<group>";
		};
		104E410E2AA8CDDC001C69CB /* photo */ = {
			isa = PBXGroup;
			children = (
				104E410F2AA8CDDC001C69CB /* AppDelegate.swift */,
				104E41112AA8CDDC001C69CB /* SceneDelegate.swift */,
				104E41132AA8CDDC001C69CB /* ViewController.swift */,
				104E41152AA8CDDC001C69CB /* Main.storyboard */,
				104E41182AA8CDDE001C69CB /* Assets.xcassets */,
				104E411A2AA8CDDE001C69CB /* LaunchScreen.storyboard */,
				104E411D2AA8CDDE001C69CB /* Info.plist */,
				104E41232AA8D03C001C69CB /* CollectionViewCell.xib */,
				104E41252AA8D04D001C69CB /* CollectionViewCell.swift */,
			);
			path = photo;
			sourceTree = "<group>";
		};
		2C5BE76B929AF82A52A0A197 /* Frameworks */ = {
			isa = PBXGroup;
			children = (
				1779B6DAB872E4625EA8C65A /* Pods_photo.framework */,
			);
			name = Frameworks;
			sourceTree = "<group>";
		};
		73623FC97448845079C97C39 /* Pods */ = {
			isa = PBXGroup;
			children = (
				ED1CA045E209FE208CD0518D /* Pods-photo.debug.xcconfig */,
				CD1591007D7DB6159E385CDF /* Pods-photo.release.xcconfig */,
			);
			name = Pods;
			path = Pods;
			sourceTree = "<group>";
		};
/* End PBXGroup section */

/* Begin PBXNativeTarget section */
		104E410B2AA8CDDC001C69CB /* photo */ = {
			isa = PBXNativeTarget;
			buildConfigurationList = 104E41202AA8CDDE001C69CB /* Build configuration list for PBXNativeTarget "photo" */;
			buildPhases = (
				A2A6F62CC48ABE6FB933EEC5 /* [CP] Check Pods Manifest.lock */,
				104E41082AA8CDDC001C69CB /* Sources */,
				104E41092AA8CDDC001C69CB /* Frameworks */,
				104E410A2AA8CDDC001C69CB /* Resources */,
				EA66F6FD543198B9E9A315E8 /* [CP] Embed Pods Frameworks */,
			);
			buildRules = (
			);
			dependencies = (
			);
			name = photo;
			productName = gallery;
			productReference = 104E410C2AA8CDDC001C69CB /* photo.app */;
			productType = "com.apple.product-type.application";
		};
/* End PBXNativeTarget section */

/* Begin PBXProject section */
		104E41042AA8CDDC001C69CB /* Project object */ = {
			isa = PBXProject;
			attributes = {
				BuildIndependentTargetsInParallel = 1;
				LastSwiftUpdateCheck = 1430;
				LastUpgradeCheck = 1430;
				TargetAttributes = {
					104E410B2AA8CDDC001C69CB = {
						CreatedOnToolsVersion = 14.3.1;
					};
				};
			};
			buildConfigurationList = 104E41072AA8CDDC001C69CB /* Build configuration list for PBXProject "photo" */;
			compatibilityVersion = "Xcode 14.0";
			developmentRegion = en;
			hasScannedForEncodings = 0;
			knownRegions = (
				en,
				Base,
			);
			mainGroup = 104E41032AA8CDDC001C69CB;
			productRefGroup = 104E410D2AA8CDDC001C69CB /* Products */;
			projectDirPath = "";
			projectRoot = "";
			targets = (
				104E410B2AA8CDDC001C69CB /* photo */,
			);
		};
/* End PBXProject section */

/* Begin PBXResourcesBuildPhase section */
		104E410A2AA8CDDC001C69CB /* Resources */ = {
			isa = PBXResourcesBuildPhase;
			buildActionMask = 2147483647;
			files = (
				104E411C2AA8CDDE001C69CB /* LaunchScreen.storyboard in Resources */,
				104E41192AA8CDDE001C69CB /* Assets.xcassets in Resources */,
				104E41242AA8D03C001C69CB /* CollectionViewCell.xib in Resources */,
				104E41172AA8CDDC001C69CB /* Main.storyboard in Resources */,
			);
			runOnlyForDeploymentPostprocessing = 0;
		};
/* End PBXResourcesBuildPhase section */

/* Begin PBXShellScriptBuildPhase section */
		A2A6F62CC48ABE6FB933EEC5 /* [CP] Check Pods Manifest.lock */ = {
			isa = PBXShellScriptBuildPhase;
			buildActionMask = 2147483647;
			files = (
			);
			inputFileListPaths = (
			);
			inputPaths = (
				"${PODS_PODFILE_DIR_PATH}/Podfile.lock",
				"${PODS_ROOT}/Manifest.lock",
			);
			name = "[CP] Check Pods Manifest.lock";
			outputFileListPaths = (
			);
			outputPaths = (
				"$(DERIVED_FILE_DIR)/Pods-photo-checkManifestLockResult.txt",
			);
			runOnlyForDeploymentPostprocessing = 0;
			shellPath = /bin/sh;
			shellScript = "diff \"${PODS_PODFILE_DIR_PATH}/Podfile.lock\" \"${PODS_ROOT}/Manifest.lock\" > /dev/null\nif [ $? != 0 ] ; then\n    # print error to STDERR\n    echo \"error: The sandbox is not in sync with the Podfile.lock. Run 'pod install' or update your CocoaPods installation.\" >&2\n    exit 1\nfi\n# This output is used by Xcode 'outputs' to avoid re-running this script phase.\necho \"SUCCESS\" > \"${SCRIPT_OUTPUT_FILE_0}\"\n";
			showEnvVarsInLog = 0;
		};
		EA66F6FD543198B9E9A315E8 /* [CP] Embed Pods Frameworks */ = {
			isa = PBXShellScriptBuildPhase;
			buildActionMask = 2147483647;
			files = (
			);
			inputFileListPaths = (
				"${PODS_ROOT}/Target Support Files/Pods-photo/Pods-photo-frameworks-${CONFIGURATION}-input-files.xcfilelist",
			);
			name = "[CP] Embed Pods Frameworks";
			outputFileListPaths = (
				"${PODS_ROOT}/Target Support Files/Pods-photo/Pods-photo-frameworks-${CONFIGURATION}-output-files.xcfilelist",
			);
			runOnlyForDeploymentPostprocessing = 0;
			shellPath = /bin/sh;
			shellScript = "\"${PODS_ROOT}/Target Support Files/Pods-photo/Pods-photo-frameworks.sh\"\n";
			showEnvVarsInLog = 0;
		};
/* End PBXShellScriptBuildPhase section */

/* Begin PBXSourcesBuildPhase section */
		104E41082AA8CDDC001C69CB /* Sources */ = {
			isa = PBXSourcesBuildPhase;
			buildActionMask = 2147483647;
			files = (
				104E41142AA8CDDC001C69CB /* ViewController.swift in Sources */,
				104E41102AA8CDDC001C69CB /* AppDelegate.swift in Sources */,
				104E41262AA8D04D001C69CB /* CollectionViewCell.swift in Sources */,
				104E41122AA8CDDC001C69CB /* SceneDelegate.swift in Sources */,
			);
			runOnlyForDeploymentPostprocessing = 0;
		};
/* End PBXSourcesBuildPhase section */

/* Begin PBXVariantGroup section */
		104E41152AA8CDDC001C69CB /* Main.storyboard */ = {
			isa = PBXVariantGroup;
			children = (
				104E41162AA8CDDC001C69CB /* Base */,
			);
			name = Main.storyboard;
			sourceTree = "<group>";
		};
		104E411A2AA8CDDE001C69CB /* LaunchScreen.storyboard */ = {
			isa = PBXVariantGroup;
			children = (
				104E411B2AA8CDDE001C69CB /* Base */,
			);
			name = LaunchScreen.storyboard;
			sourceTree = "<group>";
		};
/* End PBXVariantGroup section */

/* Begin XCBuildConfiguration section */
		104E411E2AA8CDDE001C69CB /* Debug */ = {
			isa = XCBuildConfiguration;
			buildSettings = {
				ALWAYS_SEARCH_USER_PATHS = NO;
				CLANG_ANALYZER_NONNULL = YES;
				CLANG_ANALYZER_NUMBER_OBJECT_CONVERSION = YES_AGGRESSIVE;
				CLANG_CXX_LANGUAGE_STANDARD = "gnu++20";
				CLANG_ENABLE_MODULES = YES;
				CLANG_ENABLE_OBJC_ARC = YES;
				CLANG_ENABLE_OBJC_WEAK = YES;
				CLANG_WARN_BLOCK_CAPTURE_AUTORELEASING = YES;
				CLANG_WARN_BOOL_CONVERSION = YES;
				CLANG_WARN_COMMA = YES;
				CLANG_WARN_CONSTANT_CONVERSION = YES;
				CLANG_WARN_DEPRECATED_OBJC_IMPLEMENTATIONS = YES;
				CLANG_WARN_DIRECT_OBJC_ISA_USAGE = YES_ERROR;
				CLANG_WARN_DOCUMENTATION_COMMENTS = YES;
				CLANG_WARN_EMPTY_BODY = YES;
				CLANG_WARN_ENUM_CONVERSION = YES;
				CLANG_WARN_INFINITE_RECURSION = YES;
				CLANG_WARN_INT_CONVERSION = YES;
				CLANG_WARN_NON_LITERAL_NULL_CONVERSION = YES;
				CLANG_WARN_OBJC_IMPLICIT_RETAIN_SELF = YES;
				CLANG_WARN_OBJC_LITERAL_CONVERSION = YES;
				CLANG_WARN_OBJC_ROOT_CLASS = YES_ERROR;
				CLANG_WARN_QUOTED_INCLUDE_IN_FRAMEWORK_HEADER = YES;
				CLANG_WARN_RANGE_LOOP_ANALYSIS = YES;
				CLANG_WARN_STRICT_PROTOTYPES = YES;
				CLANG_WARN_SUSPICIOUS_MOVE = YES;
				CLANG_WARN_UNGUARDED_AVAILABILITY = YES_AGGRESSIVE;
				CLANG_WARN_UNREACHABLE_CODE = YES;
				CLANG_WARN__DUPLICATE_METHOD_MATCH = YES;
				COPY_PHASE_STRIP = NO;
				DEBUG_INFORMATION_FORMAT = dwarf;
				ENABLE_STRICT_OBJC_MSGSEND = YES;
				ENABLE_TESTABILITY = YES;
				GCC_C_LANGUAGE_STANDARD = gnu11;
				GCC_DYNAMIC_NO_PIC = NO;
				GCC_NO_COMMON_BLOCKS = YES;
				GCC_OPTIMIZATION_LEVEL = 0;
				GCC_PREPROCESSOR_DEFINITIONS = (
					"DEBUG=1",
					"$(inherited)",
				);
				GCC_WARN_64_TO_32_BIT_CONVERSION = YES;
				GCC_WARN_ABOUT_RETURN_TYPE = YES_ERROR;
				GCC_WARN_UNDECLARED_SELECTOR = YES;
				GCC_WARN_UNINITIALIZED_AUTOS = YES_AGGRESSIVE;
				GCC_WARN_UNUSED_FUNCTION = YES;
				GCC_WARN_UNUSED_VARIABLE = YES;
				IPHONEOS_DEPLOYMENT_TARGET = 16.4;
				MTL_ENABLE_DEBUG_INFO = INCLUDE_SOURCE;
				MTL_FAST_MATH = YES;
				ONLY_ACTIVE_ARCH = YES;
				SDKROOT = iphoneos;
				SWIFT_ACTIVE_COMPILATION_CONDITIONS = DEBUG;
				SWIFT_OPTIMIZATION_LEVEL = "-Onone";
			};
			name = Debug;
		};
		104E411F2AA8CDDE001C69CB /* Release */ = {
			isa = XCBuildConfiguration;
			buildSettings = {
				ALWAYS_SEARCH_USER_PATHS = NO;
				CLANG_ANALYZER_NONNULL = YES;
				CLANG_ANALYZER_NUMBER_OBJECT_CONVERSION = YES_AGGRESSIVE;
				CLANG_CXX_LANGUAGE_STANDARD = "gnu++20";
				CLANG_ENABLE_MODULES = YES;
				CLANG_ENABLE_OBJC_ARC = YES;
				CLANG_ENABLE_OBJC_WEAK = YES;
				CLANG_WARN_BLOCK_CAPTURE_AUTORELEASING = YES;
				CLANG_WARN_BOOL_CONVERSION = YES;
				CLANG_WARN_COMMA = YES;
				CLANG_WARN_CONSTANT_CONVERSION = YES;
				CLANG_WARN_DEPRECATED_OBJC_IMPLEMENTATIONS = YES;
				CLANG_WARN_DIRECT_OBJC_ISA_USAGE = YES_ERROR;
				CLANG_WARN_DOCUMENTATION_COMMENTS = YES;
				CLANG_WARN_EMPTY_BODY = YES;
				CLANG_WARN_ENUM_CONVERSION = YES;
				CLANG_WARN_INFINITE_RECURSION = YES;
				CLANG_WARN_INT_CONVERSION = YES;
				CLANG_WARN_NON_LITERAL_NULL_CONVERSION = YES;
				CLANG_WARN_OBJC_IMPLICIT_RETAIN_SELF = YES;
				CLANG_WARN_OBJC_LITERAL_CONVERSION = YES;
				CLANG_WARN_OBJC_ROOT_CLASS = YES_ERROR;
				CLANG_WARN_QUOTED_INCLUDE_IN_FRAMEWORK_HEADER = YES;
				CLANG_WARN_RANGE_LOOP_ANALYSIS = YES;
				CLANG_WARN_STRICT_PROTOTYPES = YES;
				CLANG_WARN_SUSPICIOUS_MOVE = YES;
				CLANG_WARN_UNGUARDED_AVAILABILITY = YES_AGGRESSIVE;
				CLANG_WARN_UNREACHABLE_CODE = YES;
				CLANG_WARN__DUPLICATE_METHOD_MATCH = YES;
				COPY_PHASE_STRIP = NO;
				DEBUG_INFORMATION_FORMAT = "dwarf-with-dsym";
				ENABLE_NS_ASSERTIONS = NO;
				ENABLE_STRICT_OBJC_MSGSEND = YES;
				GCC_C_LANGUAGE_STANDARD = gnu11;
				GCC_NO_COMMON_BLOCKS = YES;
				GCC_WARN_64_TO_32_BIT_CONVERSION = YES;
				GCC_WARN_ABOUT_RETURN_TYPE = YES_ERROR;
				GCC_WARN_UNDECLARED_SELECTOR = YES;
				GCC_WARN_UNINITIALIZED_AUTOS = YES_AGGRESSIVE;
				GCC_WARN_UNUSED_FUNCTION = YES;
				GCC_WARN_UNUSED_VARIABLE = YES;
				IPHONEOS_DEPLOYMENT_TARGET = 16.4;
				MTL_ENABLE_DEBUG_INFO = NO;
				MTL_FAST_MATH = YES;
				SDKROOT = iphoneos;
				SWIFT_COMPILATION_MODE = wholemodule;
				SWIFT_OPTIMIZATION_LEVEL = "-O";
				VALIDATE_PRODUCT = YES;
			};
			name = Release;
		};
		104E41212AA8CDDE001C69CB /* Debug */ = {
			isa = XCBuildConfiguration;
			baseConfigurationReference = ED1CA045E209FE208CD0518D /* Pods-photo.debug.xcconfig */;
			buildSettings = {
				ASSETCATALOG_COMPILER_APPICON_NAME = AppIcon;
				ASSETCATALOG_COMPILER_GLOBAL_ACCENT_COLOR_NAME = AccentColor;
				CODE_SIGN_STYLE = Automatic;
				CURRENT_PROJECT_VERSION = 1;
				GENERATE_INFOPLIST_FILE = YES;
				INFOPLIST_FILE = photo/Info.plist;
				INFOPLIST_KEY_UIApplicationSupportsIndirectInputEvents = YES;
				INFOPLIST_KEY_UILaunchStoryboardName = LaunchScreen;
				INFOPLIST_KEY_UIMainStoryboardFile = Main;
				INFOPLIST_KEY_UISupportedInterfaceOrientations_iPad = "UIInterfaceOrientationPortrait UIInterfaceOrientationPortraitUpsideDown UIInterfaceOrientationLandscapeLeft UIInterfaceOrientationLandscapeRight";
				INFOPLIST_KEY_UISupportedInterfaceOrientations_iPhone = "UIInterfaceOrientationPortrait UIInterfaceOrientationLandscapeLeft UIInterfaceOrientationLandscapeRight";
				LD_RUNPATH_SEARCH_PATHS = (
					"$(inherited)",
					"@executable_path/Frameworks",
				);
				MARKETING_VERSION = 1.0;
				PRODUCT_BUNDLE_IDENTIFIER = com.swift.gallery;
				PRODUCT_NAME = "$(TARGET_NAME)";
				SWIFT_EMIT_LOC_STRINGS = YES;
				SWIFT_VERSION = 5.0;
				TARGETED_DEVICE_FAMILY = "1,2";
			};
			name = Debug;
		};
		104E41222AA8CDDE001C69CB /* Release */ = {
			isa = XCBuildConfiguration;
			baseConfigurationReference = CD1591007D7DB6159E385CDF /* Pods-photo.release.xcconfig */;
			buildSettings = {
				ASSETCATALOG_COMPILER_APPICON_NAME = AppIcon;
				ASSETCATALOG_COMPILER_GLOBAL_ACCENT_COLOR_NAME = AccentColor;
				CODE_SIGN_STYLE = Automatic;
				CURRENT_PROJECT_VERSION = 1;
				GENERATE_INFOPLIST_FILE = YES;
				INFOPLIST_FILE = photo/Info.plist;
				INFOPLIST_KEY_UIApplicationSupportsIndirectInputEvents = YES;
				INFOPLIST_KEY_UILaunchStoryboardName = LaunchScreen;
				INFOPLIST_KEY_UIMainStoryboardFile = Main;
				INFOPLIST_KEY_UISupportedInterfaceOrientations_iPad = "UIInterfaceOrientationPortrait UIInterfaceOrientationPortraitUpsideDown UIInterfaceOrientationLandscapeLeft UIInterfaceOrientationLandscapeRight";
				INFOPLIST_KEY_UISupportedInterfaceOrientations_iPhone = "UIInterfaceOrientationPortrait UIInterfaceOrientationLandscapeLeft UIInterfaceOrientationLandscapeRight";
				LD_RUNPATH_SEARCH_PATHS = (
					"$(inherited)",
					"@executable_path/Frameworks",
				);
				MARKETING_VERSION = 1.0;
				PRODUCT_BUNDLE_IDENTIFIER = com.swift.gallery;
				PRODUCT_NAME = "$(TARGET_NAME)";
				SWIFT_EMIT_LOC_STRINGS = YES;
				SWIFT_VERSION = 5.0;
				TARGETED_DEVICE_FAMILY = "1,2";
			};
			name = Release;
		};
/* End XCBuildConfiguration section */

/* Begin XCConfigurationList section */
		104E41072AA8CDDC001C69CB /* Build configuration list for PBXProject "photo" */ = {
			isa = XCConfigurationList;
			buildConfigurations = (
				104E411E2AA8CDDE001C69CB /* Debug */,
				104E411F2AA8CDDE001C69CB /* Release */,
			);
			defaultConfigurationIsVisible = 0;
			defaultConfigurationName = Release;
		};
		104E41202AA8CDDE001C69CB /* Build configuration list for PBXNativeTarget "photo" */ = {
			isa = XCConfigurationList;
			buildConfigurations = (
				104E41212AA8CDDE001C69CB /* Debug */,
				104E41222AA8CDDE001C69CB /* Release */,
			);
			defaultConfigurationIsVisible = 0;
			defaultConfigurationName = Release;
		};
/* End XCConfigurationList section */
	};
	rootObject = 104E41042AA8CDDC001C69CB /* Project object */;
}
